
Microsoft Visual Studio Solution File, Format Version 12.00
Project("{FAE04EC0-301F-11D3-BF4B-00C04F79EFBC}") = "CSharpier.MsBuild.Test", "CSharpier.MsBuild.Test.csproj", "{68C08C66-BB6C-4961-9298-7936549C4F20}"
EndProject
Global
	GlobalSection(SolutionConfigurationPlatforms) = preSolution
		Debug|Any CPU = Debug|Any CPU
		Release|Any CPU = Release|Any CPU
	EndGlobalSection
	GlobalSection(ProjectConfigurationPlatforms) = postSolution
		{68C08C66-BB6C-4961-9298-7936549C4F20}.Debug|Any CPU.ActiveCfg = Debug|Any CPU
		{68C08C66-BB6C-4961-9298-7936549C4F20}.Debug|Any CPU.Build.0 = Debug|Any CPU
		{68C08C66-BB6C-4961-9298-7936549C4F20}.Release|Any CPU.ActiveCfg = Release|Any CPU
		{68C08C66-BB6C-4961-9298-7936549C4F20}.Release|Any CPU.Build.0 = Release|Any CPU
	EndGlobalSection
EndGlobal
