{
  "name": "CSharpier.Rider",
  "lockfileVersion": 3,
  "requires": true,
  "packages": {
    "": {
      "devDependencies": {
        "prettier-plugin-java": "^2.6.4"
      }
    },
    "node_modules/@chevrotain/cst-dts-gen": {
      "version": "11.0.3",
      "resolved": "https://registry.npmjs.org/@chevrotain/cst-dts-gen/-/cst-dts-gen-11.0.3.tgz",
      "integrity": "sha512-BvIKpRLeS/8UbfxXxgC33xOumsacaeCKAjAeLyOn7Pcp95HiRbrpl14S+9vaZLolnbssPIUuiUd8IvgkRyt6NQ==",
      "dev": true,
      "dependencies": {
        "@chevrotain/gast": "11.0.3",
        "@chevrotain/types": "11.0.3",
        "lodash-es": "4.17.21"
      }
    },
    "node_modules/@chevrotain/gast": {
      "version": "11.0.3",
      "resolved": "https://registry.npmjs.org/@chevrotain/gast/-/gast-11.0.3.tgz",
      "integrity": "sha512-+qNfcoNk70PyS/uxmj3li5NiECO+2YKZZQMbmjTqRI3Qchu8Hig/Q9vgkHpI3alNjr7M+a2St5pw5w5F6NL5/Q==",
      "dev": true,
      "dependencies": {
        "@chevrotain/types": "11.0.3",
        "lodash-es": "4.17.21"
      }
    },
    "node_modules/@chevrotain/regexp-to-ast": {
      "version": "11.0.3",
      "resolved": "https://registry.npmjs.org/@chevrotain/regexp-to-ast/-/regexp-to-ast-11.0.3.tgz",
      "integrity": "sha512-1fMHaBZxLFvWI067AVbGJav1eRY7N8DDvYCTwGBiE/ytKBgP8azTdgyrKyWZ9Mfh09eHWb5PgTSO8wi7U824RA==",
      "dev": true
    },
    "node_modules/@chevrotain/types": {
      "version": "11.0.3",
      "resolved": "https://registry.npmjs.org/@chevrotain/types/-/types-11.0.3.tgz",
      "integrity": "sha512-gsiM3G8b58kZC2HaWR50gu6Y1440cHiJ+i3JUvcp/35JchYejb2+5MVeJK0iKThYpAa/P2PYFV4hoi44HD+aHQ==",
      "dev": true
    },
    "node_modules/@chevrotain/utils": {
      "version": "11.0.3",
      "resolved": "https://registry.npmjs.org/@chevrotain/utils/-/utils-11.0.3.tgz",
      "integrity": "sha512-YslZMgtJUyuMbZ+aKvfF3x1f5liK4mWNxghFRv7jqRR9C3R3fAOGTTKvxXDa2Y1s9zSbcpuO0cAxDYsc9SrXoQ==",
      "dev": true
    },
    "node_modules/chevrotain": {
      "version": "11.0.3",
      "resolved": "https://registry.npmjs.org/chevrotain/-/chevrotain-11.0.3.tgz",
      "integrity": "sha512-ci2iJH6LeIkvP9eJW6gpueU8cnZhv85ELY8w8WiFtNjMHA5ad6pQLaJo9mEly/9qUyCpvqX8/POVUTf18/HFdw==",
      "dev": true,
      "dependencies": {
        "@chevrotain/cst-dts-gen": "11.0.3",
        "@chevrotain/gast": "11.0.3",
        "@chevrotain/regexp-to-ast": "11.0.3",
        "@chevrotain/types": "11.0.3",
        "@chevrotain/utils": "11.0.3",
        "lodash-es": "4.17.21"
      }
    },
    "node_modules/chevrotain-allstar": {
      "version": "0.3.1",
      "resolved": "https://registry.npmjs.org/chevrotain-allstar/-/chevrotain-allstar-0.3.1.tgz",
      "integrity": "sha512-b7g+y9A0v4mxCW1qUhf3BSVPg+/NvGErk/dOkrDaHA0nQIQGAtrOjlX//9OQtRlSCy+x9rfB5N8yC71lH1nvMw==",
      "dev": true,
      "dependencies": {
        "lodash-es": "^4.17.21"
      },
      "peerDependencies": {
        "chevrotain": "^11.0.0"
      }
    },
    "node_modules/java-parser": {
      "version": "2.3.2",
      "resolved": "https://registry.npmjs.org/java-parser/-/java-parser-2.3.2.tgz",
      "integrity": "sha512-/O42UbEHy3VVJw8W0ruHkQjW75oWvQx4QisoUDRIGir6q3/IZ4JslDMPMYEqp7LU56PYJkH5uXdQiBaCXt/Opw==",
      "dev": true,
      "dependencies": {
        "chevrotain": "11.0.3",
        "chevrotain-allstar": "0.3.1",
        "lodash": "4.17.21"
      }
    },
    "node_modules/lodash": {
      "version": "4.17.21",
      "resolved": "https://registry.npmjs.org/lodash/-/lodash-4.17.21.tgz",
      "integrity": "sha512-v2kDEe57lecTulaDIuNTPy3Ry4gLGJ6Z1O3vE1krgXZNrsQ+LFTGHVxVjcXPs17LhbZVGedAJv8XZ1tvj5FvSg==",
      "dev": true
    },
    "node_modules/lodash-es": {
      "version": "4.17.21",
      "resolved": "https://registry.npmjs.org/lodash-es/-/lodash-es-4.17.21.tgz",
      "integrity": "sha512-mKnC+QJ9pWVzv+C4/U3rRsHapFfHvQFoFB92e52xeyGMcX6/OlIl78je1u8vePzYZSkkogMPJ2yjxxsb89cxyw==",
      "dev": true
    },
    "node_modules/prettier": {
      "version": "3.2.5",
      "resolved": "https://registry.npmjs.org/prettier/-/prettier-3.2.5.tgz",
      "integrity": "sha512-3/GWa9aOC0YeD7LUfvOG2NiDyhOWRvt1k+rcKhOuYnMY24iiCphgneUfJDyFXd6rZCAnuLBv6UeAULtrhT/F4A==",
      "dev": true,
      "bin": {
        "prettier": "bin/prettier.cjs"
      },
      "engines": {
        "node": ">=14"
      },
      "funding": {
        "url": "https://github.com/prettier/prettier?sponsor=1"
      }
    },
    "node_modules/prettier-plugin-java": {
      "version": "2.6.4",
      "resolved": "https://registry.npmjs.org/prettier-plugin-java/-/prettier-plugin-java-2.6.4.tgz",
      "integrity": "sha512-57iGIFM4xSCqzHc4G6RLeC0DJk+i6Vd1JDj5xcIe7GsWZjRSl8WWkpL0f4BB0gZ+jDZ8R1uJaxtnMgnRtzjLDQ==",
      "dev": true,
      "dependencies": {
        "java-parser": "2.3.2",
        "lodash": "4.17.21",
        "prettier": "3.2.5"
      }
    }
  }
}
