
Microsoft Visual Studio Solution File, Format Version 12.00
# Visual Studio Version 17
VisualStudioVersion = 17.0.32014.148
MinimumVisualStudioVersion = 10.0.40219.1
Project("{FAE04EC0-301F-11D3-BF4B-00C04F79EFBC}") = "CSharpier.VisualStudio", "CSharpier.VisualStudio\CSharpier.VisualStudio.csproj", "{3F1D185A-BBA4-45AA-8B12-23060E529C73}"
EndProject
Global
	GlobalSection(SolutionConfigurationPlatforms) = preSolution
		Debug|Any CPU = Debug|Any CPU
		Debug|x86 = Debug|x86
		Release|Any CPU = Release|Any CPU
		Release|x86 = Release|x86
	EndGlobalSection
	GlobalSection(ProjectConfigurationPlatforms) = postSolution
		{3F1D185A-BBA4-45AA-8B12-23060E529C73}.Debug|Any CPU.ActiveCfg = Debug|Any CPU
		{3F1D185A-BBA4-45AA-8B12-23060E529C73}.Debug|Any CPU.Build.0 = Debug|Any CPU
		{3F1D185A-BBA4-45AA-8B12-23060E529C73}.Debug|x86.ActiveCfg = Debug|Any CPU
		{3F1D185A-BBA4-45AA-8B12-23060E529C73}.Debug|x86.Build.0 = Debug|Any CPU
		{3F1D185A-BBA4-45AA-8B12-23060E529C73}.Release|Any CPU.ActiveCfg = Release|Any CPU
		{3F1D185A-BBA4-45AA-8B12-23060E529C73}.Release|Any CPU.Build.0 = Release|Any CPU
		{3F1D185A-BBA4-45AA-8B12-23060E529C73}.Release|x86.ActiveCfg = Release|Any CPU
		{3F1D185A-BBA4-45AA-8B12-23060E529C73}.Release|x86.Build.0 = Release|Any CPU
	EndGlobalSection
	GlobalSection(SolutionProperties) = preSolution
		HideSolutionNode = FALSE
	EndGlobalSection
	GlobalSection(ExtensibilityGlobals) = postSolution
		SolutionGuid = {9AF78BBA-1D51-4DD1-869D-9759546D417A}
	EndGlobalSection
EndGlobal
