
Microsoft Visual Studio Solution File, Format Version 12.00
Project("{FAE04EC0-301F-11D3-BF4B-00C04F79EFBC}") = "CSharpier.Parser", "CSharpier.Parser\CSharpier.Parser.csproj", "{719DAB51-7CE5-417F-B7C2-063908A50459}"
EndProject
Project("{FAE04EC0-301F-11D3-BF4B-00C04F79EFBC}") = "CSharpier.Playground", "CSharpier.Playground\CSharpier.Playground.csproj", "{E7F03E73-82C7-4DB2-AF20-F25C45231A72}"
EndProject
Project("{FAE04EC0-301F-11D3-BF4B-00C04F79EFBC}") = "CSharpier.Core", "CSharpier.Core\CSharpier.Core.csproj", "{F1DE8719-9961-4F83-8BE6-34639C96DA5E}"
EndProject
Project("{FAE04EC0-301F-11D3-BF4B-00C04F79EFBC}") = "CSharpier.Core.Tests", "CSharpier.Core.Tests\CSharpier.Core.Tests.csproj", "{A77E4297-FAA5-40AB-9856-ECF72AF5D859}"
EndProject
Project("{FAE04EC0-301F-11D3-BF4B-00C04F79EFBC}") = "Worker", "Worker\Worker.csproj", "{CF32D239-2A27-4F46-8945-8B7B9A2C8774}"
EndProject
Project("{FAE04EC0-301F-11D3-BF4B-00C04F79EFBC}") = "CSharpier.CLI", "CSharpier.CLI\CSharpier.CLI.csproj", "{1C18B0B0-A215-49A9-A9C0-2204B5C8A69A}"
EndProject
Global
	GlobalSection(SolutionConfigurationPlatforms) = preSolution
		Debug|Any CPU = Debug|Any CPU
		Release|Any CPU = Release|Any CPU
	EndGlobalSection
	GlobalSection(ProjectConfigurationPlatforms) = postSolution
		{719DAB51-7CE5-417F-B7C2-063908A50459}.Debug|Any CPU.ActiveCfg = Debug|Any CPU
		{719DAB51-7CE5-417F-B7C2-063908A50459}.Debug|Any CPU.Build.0 = Debug|Any CPU
		{719DAB51-7CE5-417F-B7C2-063908A50459}.Release|Any CPU.ActiveCfg = Release|Any CPU
		{719DAB51-7CE5-417F-B7C2-063908A50459}.Release|Any CPU.Build.0 = Release|Any CPU
		{E7F03E73-82C7-4DB2-AF20-F25C45231A72}.Debug|Any CPU.ActiveCfg = Debug|Any CPU
		{E7F03E73-82C7-4DB2-AF20-F25C45231A72}.Debug|Any CPU.Build.0 = Debug|Any CPU
		{E7F03E73-82C7-4DB2-AF20-F25C45231A72}.Release|Any CPU.ActiveCfg = Release|Any CPU
		{E7F03E73-82C7-4DB2-AF20-F25C45231A72}.Release|Any CPU.Build.0 = Release|Any CPU
		{F1DE8719-9961-4F83-8BE6-34639C96DA5E}.Debug|Any CPU.ActiveCfg = Debug|Any CPU
		{F1DE8719-9961-4F83-8BE6-34639C96DA5E}.Debug|Any CPU.Build.0 = Debug|Any CPU
		{F1DE8719-9961-4F83-8BE6-34639C96DA5E}.Release|Any CPU.ActiveCfg = Release|Any CPU
		{F1DE8719-9961-4F83-8BE6-34639C96DA5E}.Release|Any CPU.Build.0 = Release|Any CPU
		{A77E4297-FAA5-40AB-9856-ECF72AF5D859}.Debug|Any CPU.ActiveCfg = Debug|Any CPU
		{A77E4297-FAA5-40AB-9856-ECF72AF5D859}.Debug|Any CPU.Build.0 = Debug|Any CPU
		{A77E4297-FAA5-40AB-9856-ECF72AF5D859}.Release|Any CPU.ActiveCfg = Release|Any CPU
		{A77E4297-FAA5-40AB-9856-ECF72AF5D859}.Release|Any CPU.Build.0 = Release|Any CPU
		{CF32D239-2A27-4F46-8945-8B7B9A2C8774}.Debug|Any CPU.ActiveCfg = Debug|Any CPU
		{CF32D239-2A27-4F46-8945-8B7B9A2C8774}.Debug|Any CPU.Build.0 = Debug|Any CPU
		{CF32D239-2A27-4F46-8945-8B7B9A2C8774}.Release|Any CPU.ActiveCfg = Release|Any CPU
		{CF32D239-2A27-4F46-8945-8B7B9A2C8774}.Release|Any CPU.Build.0 = Release|Any CPU
		{1C18B0B0-A215-49A9-A9C0-2204B5C8A69A}.Debug|Any CPU.ActiveCfg = Debug|Any CPU
		{1C18B0B0-A215-49A9-A9C0-2204B5C8A69A}.Debug|Any CPU.Build.0 = Debug|Any CPU
		{1C18B0B0-A215-49A9-A9C0-2204B5C8A69A}.Release|Any CPU.ActiveCfg = Release|Any CPU
		{1C18B0B0-A215-49A9-A9C0-2204B5C8A69A}.Release|Any CPU.Build.0 = Release|Any CPU
	EndGlobalSection
EndGlobal
